
Microsoft Visual Studio Solution File, Format Version 12.00
# Visual Studio Version 16
VisualStudioVersion = 16.0.30621.155
MinimumVisualStudioVersion = 10.0.40219.1
Project("{FAE04EC0-301F-11D3-BF4B-00C04F79EFBC}") = "Individuell", "Individuell\Individuell.csproj", "{FB482F9F-0DAF-4665-AC92-7C8F23AD0FDE}"
EndProject
Global
	GlobalSection(SolutionConfigurationPlatforms) = preSolution
		Debug|Any CPU = Debug|Any CPU
		Release|Any CPU = Release|Any CPU
	EndGlobalSection
	GlobalSection(ProjectConfigurationPlatforms) = postSolution
		{FB482F9F-0DAF-4665-AC92-7C8F23AD0FDE}.Debug|Any CPU.ActiveCfg = Debug|Any CPU
		{FB482F9F-0DAF-4665-AC92-7C8F23AD0FDE}.Debug|Any CPU.Build.0 = Debug|Any CPU
		{FB482F9F-0DAF-4665-AC92-7C8F23AD0FDE}.Release|Any CPU.ActiveCfg = Release|Any CPU
		{FB482F9F-0DAF-4665-AC92-7C8F23AD0FDE}.Release|Any CPU.Build.0 = Release|Any CPU
	EndGlobalSection
	GlobalSection(SolutionProperties) = preSolution
		HideSolutionNode = FALSE
	EndGlobalSection
	GlobalSection(ExtensibilityGlobals) = postSolution
		SolutionGuid = {232C99D2-8476-4433-93C9-44E5331CF585}
	EndGlobalSection
EndGlobal
